
Microsoft Visual Studio Solution File, Format Version 12.00
# Visual Studio 14
VisualStudioVersion = 14.0.24720.0
MinimumVisualStudioVersion = 10.0.40219.1
Project("{FAE04EC0-301F-11D3-BF4B-00C04F79EFBC}") = "MVCBlog.Web", "MVCBlog.Web\MVCBlog.Web.csproj", "{8A5AD672-5EA6-4945-BA4D-D951C5CE3F3A}"
EndProject
Project("{FAE04EC0-301F-11D3-BF4B-00C04F79EFBC}") = "MVCBlog.CacheManager", "MVCBlog.CacheManager\MVCBlog.CacheManager.csproj", "{B2D9AE77-A376-468B-AFD7-6ED67523D6D2}"
EndProject
Project("{FAE04EC0-301F-11D3-BF4B-00C04F79EFBC}") = "MVCBlog.Common", "MVCBlog.Common\MVCBlog.Common.csproj", "{E040367E-D984-4B30-9EF3-8E85180FC24C}"
EndProject
Project("{FAE04EC0-301F-11D3-BF4B-00C04F79EFBC}") = "MVCBlog.Entities", "MVCBlog.Entities\MVCBlog.Entities.csproj", "{89CF1584-5108-4F0C-B5DA-ECE98C62AC50}"
EndProject
Project("{FAE04EC0-301F-11D3-BF4B-00C04F79EFBC}") = "MVCBlog.Repository", "MVCBlog.Repository\MVCBlog.Repository.csproj", "{1EB2B92E-5308-48A8-BBD1-E45FE579B972}"
EndProject
Project("{FAE04EC0-301F-11D3-BF4B-00C04F79EFBC}") = "MVCBlog.Service", "MVCBlog.Service\MVCBlog.Service.csproj", "{7F069261-8228-498D-A1B9-8A4F7883C620}"
EndProject
Global
	GlobalSection(SolutionConfigurationPlatforms) = preSolution
		Debug|Any CPU = Debug|Any CPU
		Release|Any CPU = Release|Any CPU
	EndGlobalSection
	GlobalSection(ProjectConfigurationPlatforms) = postSolution
		{8A5AD672-5EA6-4945-BA4D-D951C5CE3F3A}.Debug|Any CPU.ActiveCfg = Debug|Any CPU
		{8A5AD672-5EA6-4945-BA4D-D951C5CE3F3A}.Debug|Any CPU.Build.0 = Debug|Any CPU
		{8A5AD672-5EA6-4945-BA4D-D951C5CE3F3A}.Release|Any CPU.ActiveCfg = Release|Any CPU
		{8A5AD672-5EA6-4945-BA4D-D951C5CE3F3A}.Release|Any CPU.Build.0 = Release|Any CPU
		{B2D9AE77-A376-468B-AFD7-6ED67523D6D2}.Debug|Any CPU.ActiveCfg = Debug|Any CPU
		{B2D9AE77-A376-468B-AFD7-6ED67523D6D2}.Debug|Any CPU.Build.0 = Debug|Any CPU
		{B2D9AE77-A376-468B-AFD7-6ED67523D6D2}.Release|Any CPU.ActiveCfg = Release|Any CPU
		{B2D9AE77-A376-468B-AFD7-6ED67523D6D2}.Release|Any CPU.Build.0 = Release|Any CPU
		{E040367E-D984-4B30-9EF3-8E85180FC24C}.Debug|Any CPU.ActiveCfg = Debug|Any CPU
		{E040367E-D984-4B30-9EF3-8E85180FC24C}.Debug|Any CPU.Build.0 = Debug|Any CPU
		{E040367E-D984-4B30-9EF3-8E85180FC24C}.Release|Any CPU.ActiveCfg = Release|Any CPU
		{E040367E-D984-4B30-9EF3-8E85180FC24C}.Release|Any CPU.Build.0 = Release|Any CPU
		{89CF1584-5108-4F0C-B5DA-ECE98C62AC50}.Debug|Any CPU.ActiveCfg = Debug|Any CPU
		{89CF1584-5108-4F0C-B5DA-ECE98C62AC50}.Debug|Any CPU.Build.0 = Debug|Any CPU
		{89CF1584-5108-4F0C-B5DA-ECE98C62AC50}.Release|Any CPU.ActiveCfg = Release|Any CPU
		{89CF1584-5108-4F0C-B5DA-ECE98C62AC50}.Release|Any CPU.Build.0 = Release|Any CPU
		{1EB2B92E-5308-48A8-BBD1-E45FE579B972}.Debug|Any CPU.ActiveCfg = Debug|Any CPU
		{1EB2B92E-5308-48A8-BBD1-E45FE579B972}.Debug|Any CPU.Build.0 = Debug|Any CPU
		{1EB2B92E-5308-48A8-BBD1-E45FE579B972}.Release|Any CPU.ActiveCfg = Release|Any CPU
		{1EB2B92E-5308-48A8-BBD1-E45FE579B972}.Release|Any CPU.Build.0 = Release|Any CPU
		{7F069261-8228-498D-A1B9-8A4F7883C620}.Debug|Any CPU.ActiveCfg = Debug|Any CPU
		{7F069261-8228-498D-A1B9-8A4F7883C620}.Debug|Any CPU.Build.0 = Debug|Any CPU
		{7F069261-8228-498D-A1B9-8A4F7883C620}.Release|Any CPU.ActiveCfg = Release|Any CPU
		{7F069261-8228-498D-A1B9-8A4F7883C620}.Release|Any CPU.Build.0 = Release|Any CPU
	EndGlobalSection
	GlobalSection(SolutionProperties) = preSolution
		HideSolutionNode = FALSE
	EndGlobalSection
EndGlobal
